{
  "originHash" : "76da157e1bea53d365b6fc252136b1167ae9dfae150ed774a5e3728341ff7eb9",
  "pins" : [
    {
      "identity" : "shake-ios",
      "kind" : "remoteSourceControl",
      "location" : "https://github.com/shakebugs/shake-ios",
      "state" : {
        "revision" : "71e021553f21adaee92ab02c9aadd3f9d5d038a6",
        "version" : "17.1.0"
      }
    }
  ],
  "version" : 3
}
