// !$*UTF8*$!
{
	archiveVersion = 1;
	classes = {
	};
	objectVersion = 77;
	objects = {

/* Begin PBXBuildFile section */
		980E63A42D2E96FD00DA80FE /* FittedSheets in Frameworks */ = {isa = PBXBuildFile; productRef = 980E63A32D2E96FD00DA80FE /* FittedSheets */; };
		980E63A72D2E989D00DA80FE /* FittedSheetsSwiftUI in Frameworks */ = {isa = PBXBuildFile; productRef = 980E63A62D2E989D00DA80FE /* FittedSheetsSwiftUI */; };
/* End PBXBuildFile section */

/* Begin PBXContainerItemProxy section */
		98FE52C12D29DE25000CAC12 /* PBXContainerItemProxy */ = {
			isa = PBXContainerItemProxy;
			containerPortal = 98FE52A82D29DE23000CAC12 /* Project object */;
			proxyType = 1;
			remoteGlobalIDString = 98FE52AF2D29DE23000CAC12;
			remoteInfo = BPGOClone;
		};
		98FE52CB2D29DE25000CAC12 /* PBXContainerItemProxy */ = {
			isa = PBXContainerItemProxy;
			containerPortal = 98FE52A82D29DE23000CAC12 /* Project object */;
			proxyType = 1;
			remoteGlobalIDString = 98FE52AF2D29DE23000CAC12;
			remoteInfo = BPGOClone;
		};
/* End PBXContainerItemProxy section */

/* Begin PBXFileReference section */
		98FE52B02D29DE23000CAC12 /* BPGOClone.app */ = {isa = PBXFileReference; explicitFileType = wrapper.application; includeInIndex = 0; path = BPGOClone.app; sourceTree = BUILT_PRODUCTS_DIR; };
		98FE52C02D29DE25000CAC12 /* BPGOCloneTests.xctest */ = {isa = PBXFileReference; explicitFileType = wrapper.cfbundle; includeInIndex = 0; path = BPGOCloneTests.xctest; sourceTree = BUILT_PRODUCTS_DIR; };
		98FE52CA2D29DE25000CAC12 /* BPGOCloneUITests.xctest */ = {isa = PBXFileReference; explicitFileType = wrapper.cfbundle; includeInIndex = 0; path = BPGOCloneUITests.xctest; sourceTree = BUILT_PRODUCTS_DIR; };
/* End PBXFileReference section */

/* Begin PBXFileSystemSynchronizedRootGroup section */
		98FE52B22D29DE23000CAC12 /* BPGOClone */ = {
			isa = PBXFileSystemSynchronizedRootGroup;
			path = BPGOClone;
			sourceTree = "<group>";
		};
		98FE52C32D29DE25000CAC12 /* BPGOCloneTests */ = {
			isa = PBXFileSystemSynchronizedRootGroup;
			path = BPGOCloneTests;
			sourceTree = "<group>";
		};
		98FE52CD2D29DE25000CAC12 /* BPGOCloneUITests */ = {
			isa = PBXFileSystemSynchronizedRootGroup;
			path = BPGOCloneUITests;
			sourceTree = "<group>";
		};
/* End PBXFileSystemSynchronizedRootGroup section */

/* Begin PBXFrameworksBuildPhase section */
		98FE52AD2D29DE23000CAC12 /* Frameworks */ = {
			isa = PBXFrameworksBuildPhase;
			buildActionMask = 2147483647;
			files = (
				980E63A72D2E989D00DA80FE /* FittedSheetsSwiftUI in Frameworks */,
				980E63A42D2E96FD00DA80FE /* FittedSheets in Frameworks */,
			);
			runOnlyForDeploymentPostprocessing = 0;
		};
		98FE52BD2D29DE25000CAC12 /* Frameworks */ = {
			isa = PBXFrameworksBuildPhase;
			buildActionMask = 2147483647;
			files = (
			);
			runOnlyForDeploymentPostprocessing = 0;
		};
		98FE52C72D29DE25000CAC12 /* Frameworks */ = {
			isa = PBXFrameworksBuildPhase;
			buildActionMask = 2147483647;
			files = (
			);
			runOnlyForDeploymentPostprocessing = 0;
		};
/* End PBXFrameworksBuildPhase section */

/* Begin PBXGroup section */
		98FE52A72D29DE23000CAC12 = {
			isa = PBXGroup;
			children = (
				98FE52B22D29DE23000CAC12 /* BPGOClone */,
				98FE52C32D29DE25000CAC12 /* BPGOCloneTests */,
				98FE52CD2D29DE25000CAC12 /* BPGOCloneUITests */,
				98FE52B12D29DE23000CAC12 /* Products */,
			);
			sourceTree = "<group>";
		};
		98FE52B12D29DE23000CAC12 /* Products */ = {
			isa = PBXGroup;
			children = (
				98FE52B02D29DE23000CAC12 /* BPGOClone.app */,
				98FE52C02D29DE25000CAC12 /* BPGOCloneTests.xctest */,
				98FE52CA2D29DE25000CAC12 /* BPGOCloneUITests.xctest */,
			);
			name = Products;
			sourceTree = "<group>";
		};
/* End PBXGroup section */

/* Begin PBXNativeTarget section */
		98FE52AF2D29DE23000CAC12 /* BPGOClone */ = {
			isa = PBXNativeTarget;
			buildConfigurationList = 98FE52D42D29DE25000CAC12 /* Build configuration list for PBXNativeTarget "BPGOClone" */;
			buildPhases = (
				98FE52AC2D29DE23000CAC12 /* Sources */,
				98FE52AD2D29DE23000CAC12 /* Frameworks */,
				98FE52AE2D29DE23000CAC12 /* Resources */,
			);
			buildRules = (
			);
			dependencies = (
			);
			fileSystemSynchronizedGroups = (
				98FE52B22D29DE23000CAC12 /* BPGOClone */,
			);
			name = BPGOClone;
			packageProductDependencies = (
				980E63A32D2E96FD00DA80FE /* FittedSheets */,
				980E63A62D2E989D00DA80FE /* FittedSheetsSwiftUI */,
			);
			productName = BPGOClone;
			productReference = 98FE52B02D29DE23000CAC12 /* BPGOClone.app */;
			productType = "com.apple.product-type.application";
		};
		98FE52BF2D29DE25000CAC12 /* BPGOCloneTests */ = {
			isa = PBXNativeTarget;
			buildConfigurationList = 98FE52D72D29DE25000CAC12 /* Build configuration list for PBXNativeTarget "BPGOCloneTests" */;
			buildPhases = (
				98FE52BC2D29DE25000CAC12 /* Sources */,
				98FE52BD2D29DE25000CAC12 /* Frameworks */,
				98FE52BE2D29DE25000CAC12 /* Resources */,
			);
			buildRules = (
			);
			dependencies = (
				98FE52C22D29DE25000CAC12 /* PBXTargetDependency */,
			);
			fileSystemSynchronizedGroups = (
				98FE52C32D29DE25000CAC12 /* BPGOCloneTests */,
			);
			name = BPGOCloneTests;
			packageProductDependencies = (
			);
			productName = BPGOCloneTests;
			productReference = 98FE52C02D29DE25000CAC12 /* BPGOCloneTests.xctest */;
			productType = "com.apple.product-type.bundle.unit-test";
		};
		98FE52C92D29DE25000CAC12 /* BPGOCloneUITests */ = {
			isa = PBXNativeTarget;
			buildConfigurationList = 98FE52DA2D29DE25000CAC12 /* Build configuration list for PBXNativeTarget "BPGOCloneUITests" */;
			buildPhases = (
				98FE52C62D29DE25000CAC12 /* Sources */,
				98FE52C72D29DE25000CAC12 /* Frameworks */,
				98FE52C82D29DE25000CAC12 /* Resources */,
			);
			buildRules = (
			);
			dependencies = (
				98FE52CC2D29DE25000CAC12 /* PBXTargetDependency */,
			);
			fileSystemSynchronizedGroups = (
				98FE52CD2D29DE25000CAC12 /* BPGOCloneUITests */,
			);
			name = BPGOCloneUITests;
			packageProductDependencies = (
			);
			productName = BPGOCloneUITests;
			productReference = 98FE52CA2D29DE25000CAC12 /* BPGOCloneUITests.xctest */;
			productType = "com.apple.product-type.bundle.ui-testing";
		};
/* End PBXNativeTarget section */

/* Begin PBXProject section */
		98FE52A82D29DE23000CAC12 /* Project object */ = {
			isa = PBXProject;
			attributes = {
				BuildIndependentTargetsInParallel = 1;
				LastSwiftUpdateCheck = 1620;
				LastUpgradeCheck = 1620;
				TargetAttributes = {
					98FE52AF2D29DE23000CAC12 = {
						CreatedOnToolsVersion = 16.2;
					};
					98FE52BF2D29DE25000CAC12 = {
						CreatedOnToolsVersion = 16.2;
						TestTargetID = 98FE52AF2D29DE23000CAC12;
					};
					98FE52C92D29DE25000CAC12 = {
						CreatedOnToolsVersion = 16.2;
						TestTargetID = 98FE52AF2D29DE23000CAC12;
					};
				};
			};
			buildConfigurationList = 98FE52AB2D29DE23000CAC12 /* Build configuration list for PBXProject "BPGOClone" */;
			developmentRegion = en;
			hasScannedForEncodings = 0;
			knownRegions = (
				en,
				Base,
			);
			mainGroup = 98FE52A72D29DE23000CAC12;
			minimizedProjectReferenceProxies = 1;
			packageReferences = (
				980E63A22D2E96FD00DA80FE /* XCRemoteSwiftPackageReference "FittedSheets" */,
				980E63A52D2E989D00DA80FE /* XCRemoteSwiftPackageReference "FittedSheets-SwiftUI" */,
			);
			preferredProjectObjectVersion = 77;
			productRefGroup = 98FE52B12D29DE23000CAC12 /* Products */;
			projectDirPath = "";
			projectRoot = "";
			targets = (
				98FE52AF2D29DE23000CAC12 /* BPGOClone */,
				98FE52BF2D29DE25000CAC12 /* BPGOCloneTests */,
				98FE52C92D29DE25000CAC12 /* BPGOCloneUITests */,
			);
		};
/* End PBXProject section */

/* Begin PBXResourcesBuildPhase section */
		98FE52AE2D29DE23000CAC12 /* Resources */ = {
			isa = PBXResourcesBuildPhase;
			buildActionMask = 2147483647;
			files = (
			);
			runOnlyForDeploymentPostprocessing = 0;
		};
		98FE52BE2D29DE25000CAC12 /* Resources */ = {
			isa = PBXResourcesBuildPhase;
			buildActionMask = 2147483647;
			files = (
			);
			runOnlyForDeploymentPostprocessing = 0;
		};
		98FE52C82D29DE25000CAC12 /* Resources */ = {
			isa = PBXResourcesBuildPhase;
			buildActionMask = 2147483647;
			files = (
			);
			runOnlyForDeploymentPostprocessing = 0;
		};
/* End PBXResourcesBuildPhase section */

/* Begin PBXSourcesBuildPhase section */
		98FE52AC2D29DE23000CAC12 /* Sources */ = {
			isa = PBXSourcesBuildPhase;
			buildActionMask = 2147483647;
			files = (
			);
			runOnlyForDeploymentPostprocessing = 0;
		};
		98FE52BC2D29DE25000CAC12 /* Sources */ = {
			isa = PBXSourcesBuildPhase;
			buildActionMask = 2147483647;
			files = (
			);
			runOnlyForDeploymentPostprocessing = 0;
		};
		98FE52C62D29DE25000CAC12 /* Sources */ = {
			isa = PBXSourcesBuildPhase;
			buildActionMask = 2147483647;
			files = (
			);
			runOnlyForDeploymentPostprocessing = 0;
		};
/* End PBXSourcesBuildPhase section */

/* Begin PBXTargetDependency section */
		98FE52C22D29DE25000CAC12 /* PBXTargetDependency */ = {
			isa = PBXTargetDependency;
			target = 98FE52AF2D29DE23000CAC12 /* BPGOClone */;
			targetProxy = 98FE52C12D29DE25000CAC12 /* PBXContainerItemProxy */;
		};
		98FE52CC2D29DE25000CAC12 /* PBXTargetDependency */ = {
			isa = PBXTargetDependency;
			target = 98FE52AF2D29DE23000CAC12 /* BPGOClone */;
			targetProxy = 98FE52CB2D29DE25000CAC12 /* PBXContainerItemProxy */;
		};
/* End PBXTargetDependency section */

/* Begin XCBuildConfiguration section */
		98FE52D22D29DE25000CAC12 /* Debug */ = {
			isa = XCBuildConfiguration;
			buildSettings = {
				ALWAYS_SEARCH_USER_PATHS = NO;
				ASSETCATALOG_COMPILER_GENERATE_SWIFT_ASSET_SYMBOL_EXTENSIONS = YES;
				CLANG_ANALYZER_NONNULL = YES;
				CLANG_ANALYZER_NUMBER_OBJECT_CONVERSION = YES_AGGRESSIVE;
				CLANG_CXX_LANGUAGE_STANDARD = "gnu++20";
				CLANG_ENABLE_MODULES = YES;
				CLANG_ENABLE_OBJC_ARC = YES;
				CLANG_ENABLE_OBJC_WEAK = YES;
				CLANG_WARN_BLOCK_CAPTURE_AUTORELEASING = YES;
				CLANG_WARN_BOOL_CONVERSION = YES;
				CLANG_WARN_COMMA = YES;
				CLANG_WARN_CONSTANT_CONVERSION = YES;
				CLANG_WARN_DEPRECATED_OBJC_IMPLEMENTATIONS = YES;
				CLANG_WARN_DIRECT_OBJC_ISA_USAGE = YES_ERROR;
				CLANG_WARN_DOCUMENTATION_COMMENTS = YES;
				CLANG_WARN_EMPTY_BODY = YES;
				CLANG_WARN_ENUM_CONVERSION = YES;
				CLANG_WARN_INFINITE_RECURSION = YES;
				CLANG_WARN_INT_CONVERSION = YES;
				CLANG_WARN_NON_LITERAL_NULL_CONVERSION = YES;
				CLANG_WARN_OBJC_IMPLICIT_RETAIN_SELF = YES;
				CLANG_WARN_OBJC_LITERAL_CONVERSION = YES;
				CLANG_WARN_OBJC_ROOT_CLASS = YES_ERROR;
				CLANG_WARN_QUOTED_INCLUDE_IN_FRAMEWORK_HEADER = YES;
				CLANG_WARN_RANGE_LOOP_ANALYSIS = YES;
				CLANG_WARN_STRICT_PROTOTYPES = YES;
				CLANG_WARN_SUSPICIOUS_MOVE = YES;
				CLANG_WARN_UNGUARDED_AVAILABILITY = YES_AGGRESSIVE;
				CLANG_WARN_UNREACHABLE_CODE = YES;
				CLANG_WARN__DUPLICATE_METHOD_MATCH = YES;
				COPY_PHASE_STRIP = NO;
				DEBUG_INFORMATION_FORMAT = dwarf;
				ENABLE_STRICT_OBJC_MSGSEND = YES;
				ENABLE_TESTABILITY = YES;
				ENABLE_USER_SCRIPT_SANDBOXING = YES;
				GCC_C_LANGUAGE_STANDARD = gnu17;
				GCC_DYNAMIC_NO_PIC = NO;
				GCC_NO_COMMON_BLOCKS = YES;
				GCC_OPTIMIZATION_LEVEL = 0;
				GCC_PREPROCESSOR_DEFINITIONS = (
					"DEBUG=1",
					"$(inherited)",
				);
				GCC_WARN_64_TO_32_BIT_CONVERSION = YES;
				GCC_WARN_ABOUT_RETURN_TYPE = YES_ERROR;
				GCC_WARN_UNDECLARED_SELECTOR = YES;
				GCC_WARN_UNINITIALIZED_AUTOS = YES_AGGRESSIVE;
				GCC_WARN_UNUSED_FUNCTION = YES;
				GCC_WARN_UNUSED_VARIABLE = YES;
				IPHONEOS_DEPLOYMENT_TARGET = 18.2;
				LOCALIZATION_PREFERS_STRING_CATALOGS = YES;
				MTL_ENABLE_DEBUG_INFO = INCLUDE_SOURCE;
				MTL_FAST_MATH = YES;
				ONLY_ACTIVE_ARCH = YES;
				SDKROOT = iphoneos;
				SWIFT_ACTIVE_COMPILATION_CONDITIONS = "DEBUG $(inherited)";
				SWIFT_OPTIMIZATION_LEVEL = "-Onone";
			};
			name = Debug;
		};
		98FE52D32D29DE25000CAC12 /* Release */ = {
			isa = XCBuildConfiguration;
			buildSettings = {
				ALWAYS_SEARCH_USER_PATHS = NO;
				ASSETCATALOG_COMPILER_GENERATE_SWIFT_ASSET_SYMBOL_EXTENSIONS = YES;
				CLANG_ANALYZER_NONNULL = YES;
				CLANG_ANALYZER_NUMBER_OBJECT_CONVERSION = YES_AGGRESSIVE;
				CLANG_CXX_LANGUAGE_STANDARD = "gnu++20";
				CLANG_ENABLE_MODULES = YES;
				CLANG_ENABLE_OBJC_ARC = YES;
				CLANG_ENABLE_OBJC_WEAK = YES;
				CLANG_WARN_BLOCK_CAPTURE_AUTORELEASING = YES;
				CLANG_WARN_BOOL_CONVERSION = YES;
				CLANG_WARN_COMMA = YES;
				CLANG_WARN_CONSTANT_CONVERSION = YES;
				CLANG_WARN_DEPRECATED_OBJC_IMPLEMENTATIONS = YES;
				CLANG_WARN_DIRECT_OBJC_ISA_USAGE = YES_ERROR;
				CLANG_WARN_DOCUMENTATION_COMMENTS = YES;
				CLANG_WARN_EMPTY_BODY = YES;
				CLANG_WARN_ENUM_CONVERSION = YES;
				CLANG_WARN_INFINITE_RECURSION = YES;
				CLANG_WARN_INT_CONVERSION = YES;
				CLANG_WARN_NON_LITERAL_NULL_CONVERSION = YES;
				CLANG_WARN_OBJC_IMPLICIT_RETAIN_SELF = YES;
				CLANG_WARN_OBJC_LITERAL_CONVERSION = YES;
				CLANG_WARN_OBJC_ROOT_CLASS = YES_ERROR;
				CLANG_WARN_QUOTED_INCLUDE_IN_FRAMEWORK_HEADER = YES;
				CLANG_WARN_RANGE_LOOP_ANALYSIS = YES;
				CLANG_WARN_STRICT_PROTOTYPES = YES;
				CLANG_WARN_SUSPICIOUS_MOVE = YES;
				CLANG_WARN_UNGUARDED_AVAILABILITY = YES_AGGRESSIVE;
				CLANG_WARN_UNREACHABLE_CODE = YES;
				CLANG_WARN__DUPLICATE_METHOD_MATCH = YES;
				COPY_PHASE_STRIP = NO;
				DEBUG_INFORMATION_FORMAT = "dwarf-with-dsym";
				ENABLE_NS_ASSERTIONS = NO;
				ENABLE_STRICT_OBJC_MSGSEND = YES;
				ENABLE_USER_SCRIPT_SANDBOXING = YES;
				GCC_C_LANGUAGE_STANDARD = gnu17;
				GCC_NO_COMMON_BLOCKS = YES;
				GCC_WARN_64_TO_32_BIT_CONVERSION = YES;
				GCC_WARN_ABOUT_RETURN_TYPE = YES_ERROR;
				GCC_WARN_UNDECLARED_SELECTOR = YES;
				GCC_WARN_UNINITIALIZED_AUTOS = YES_AGGRESSIVE;
				GCC_WARN_UNUSED_FUNCTION = YES;
				GCC_WARN_UNUSED_VARIABLE = YES;
				IPHONEOS_DEPLOYMENT_TARGET = 18.2;
				LOCALIZATION_PREFERS_STRING_CATALOGS = YES;
				MTL_ENABLE_DEBUG_INFO = NO;
				MTL_FAST_MATH = YES;
				SDKROOT = iphoneos;
				SWIFT_COMPILATION_MODE = wholemodule;
				VALIDATE_PRODUCT = YES;
			};
			name = Release;
		};
		98FE52D52D29DE25000CAC12 /* Debug */ = {
			isa = XCBuildConfiguration;
			buildSettings = {
				ASSETCATALOG_COMPILER_APPICON_NAME = AppIcon;
				ASSETCATALOG_COMPILER_GLOBAL_ACCENT_COLOR_NAME = AccentColor;
				CODE_SIGN_STYLE = Automatic;
				CURRENT_PROJECT_VERSION = 1;
				DEVELOPMENT_ASSET_PATHS = "\"BPGOClone/Preview Content\"";
				DEVELOPMENT_TEAM = KB835FKYB4;
				ENABLE_PREVIEWS = YES;
				GENERATE_INFOPLIST_FILE = YES;
				INFOPLIST_KEY_UIApplicationSceneManifest_Generation = YES;
				INFOPLIST_KEY_UIApplicationSupportsIndirectInputEvents = YES;
				INFOPLIST_KEY_UILaunchScreen_Generation = YES;
				INFOPLIST_KEY_UISupportedInterfaceOrientations_iPad = "UIInterfaceOrientationPortrait UIInterfaceOrientationPortraitUpsideDown UIInterfaceOrientationLandscapeLeft UIInterfaceOrientationLandscapeRight";
				INFOPLIST_KEY_UISupportedInterfaceOrientations_iPhone = "UIInterfaceOrientationPortrait UIInterfaceOrientationLandscapeLeft UIInterfaceOrientationLandscapeRight";
				LD_RUNPATH_SEARCH_PATHS = (
					"$(inherited)",
					"@executable_path/Frameworks",
				);
				MARKETING_VERSION = 1.0;
				PRODUCT_BUNDLE_IDENTIFIER = com.csaba.turdesan.BPGOClone;
				PRODUCT_NAME = "$(TARGET_NAME)";
				SWIFT_EMIT_LOC_STRINGS = YES;
				SWIFT_VERSION = 5.0;
				TARGETED_DEVICE_FAMILY = "1,2";
			};
			name = Debug;
		};
		98FE52D62D29DE25000CAC12 /* Release */ = {
			isa = XCBuildConfiguration;
			buildSettings = {
				ASSETCATALOG_COMPILER_APPICON_NAME = AppIcon;
				ASSETCATALOG_COMPILER_GLOBAL_ACCENT_COLOR_NAME = AccentColor;
				CODE_SIGN_STYLE = Automatic;
				CURRENT_PROJECT_VERSION = 1;
				DEVELOPMENT_ASSET_PATHS = "\"BPGOClone/Preview Content\"";
				DEVELOPMENT_TEAM = KB835FKYB4;
				ENABLE_PREVIEWS = YES;
				GENERATE_INFOPLIST_FILE = YES;
				INFOPLIST_KEY_UIApplicationSceneManifest_Generation = YES;
				INFOPLIST_KEY_UIApplicationSupportsIndirectInputEvents = YES;
				INFOPLIST_KEY_UILaunchScreen_Generation = YES;
				INFOPLIST_KEY_UISupportedInterfaceOrientations_iPad = "UIInterfaceOrientationPortrait UIInterfaceOrientationPortraitUpsideDown UIInterfaceOrientationLandscapeLeft UIInterfaceOrientationLandscapeRight";
				INFOPLIST_KEY_UISupportedInterfaceOrientations_iPhone = "UIInterfaceOrientationPortrait UIInterfaceOrientationLandscapeLeft UIInterfaceOrientationLandscapeRight";
				LD_RUNPATH_SEARCH_PATHS = (
					"$(inherited)",
					"@executable_path/Frameworks",
				);
				MARKETING_VERSION = 1.0;
				PRODUCT_BUNDLE_IDENTIFIER = com.csaba.turdesan.BPGOClone;
				PRODUCT_NAME = "$(TARGET_NAME)";
				SWIFT_EMIT_LOC_STRINGS = YES;
				SWIFT_VERSION = 5.0;
				TARGETED_DEVICE_FAMILY = "1,2";
			};
			name = Release;
		};
		98FE52D82D29DE25000CAC12 /* Debug */ = {
			isa = XCBuildConfiguration;
			buildSettings = {
				BUNDLE_LOADER = "$(TEST_HOST)";
				CODE_SIGN_STYLE = Automatic;
				CURRENT_PROJECT_VERSION = 1;
				DEVELOPMENT_TEAM = KB835FKYB4;
				GENERATE_INFOPLIST_FILE = YES;
				IPHONEOS_DEPLOYMENT_TARGET = 18.2;
				MARKETING_VERSION = 1.0;
				PRODUCT_BUNDLE_IDENTIFIER = com.csaba.turdesan.BPGOCloneTests;
				PRODUCT_NAME = "$(TARGET_NAME)";
				SWIFT_EMIT_LOC_STRINGS = NO;
				SWIFT_VERSION = 5.0;
				TARGETED_DEVICE_FAMILY = "1,2";
				TEST_HOST = "$(BUILT_PRODUCTS_DIR)/BPGOClone.app/$(BUNDLE_EXECUTABLE_FOLDER_PATH)/BPGOClone";
			};
			name = Debug;
		};
		98FE52D92D29DE25000CAC12 /* Release */ = {
			isa = XCBuildConfiguration;
			buildSettings = {
				BUNDLE_LOADER = "$(TEST_HOST)";
				CODE_SIGN_STYLE = Automatic;
				CURRENT_PROJECT_VERSION = 1;
				DEVELOPMENT_TEAM = KB835FKYB4;
				GENERATE_INFOPLIST_FILE = YES;
				IPHONEOS_DEPLOYMENT_TARGET = 18.2;
				MARKETING_VERSION = 1.0;
				PRODUCT_BUNDLE_IDENTIFIER = com.csaba.turdesan.BPGOCloneTests;
				PRODUCT_NAME = "$(TARGET_NAME)";
				SWIFT_EMIT_LOC_STRINGS = NO;
				SWIFT_VERSION = 5.0;
				TARGETED_DEVICE_FAMILY = "1,2";
				TEST_HOST = "$(BUILT_PRODUCTS_DIR)/BPGOClone.app/$(BUNDLE_EXECUTABLE_FOLDER_PATH)/BPGOClone";
			};
			name = Release;
		};
		98FE52DB2D29DE25000CAC12 /* Debug */ = {
			isa = XCBuildConfiguration;
			buildSettings = {
				CODE_SIGN_STYLE = Automatic;
				CURRENT_PROJECT_VERSION = 1;
				DEVELOPMENT_TEAM = KB835FKYB4;
				GENERATE_INFOPLIST_FILE = YES;
				MARKETING_VERSION = 1.0;
				PRODUCT_BUNDLE_IDENTIFIER = com.csaba.turdesan.BPGOCloneUITests;
				PRODUCT_NAME = "$(TARGET_NAME)";
				SWIFT_EMIT_LOC_STRINGS = NO;
				SWIFT_VERSION = 5.0;
				TARGETED_DEVICE_FAMILY = "1,2";
				TEST_TARGET_NAME = BPGOClone;
			};
			name = Debug;
		};
		98FE52DC2D29DE25000CAC12 /* Release */ = {
			isa = XCBuildConfiguration;
			buildSettings = {
				CODE_SIGN_STYLE = Automatic;
				CURRENT_PROJECT_VERSION = 1;
				DEVELOPMENT_TEAM = KB835FKYB4;
				GENERATE_INFOPLIST_FILE = YES;
				MARKETING_VERSION = 1.0;
				PRODUCT_BUNDLE_IDENTIFIER = com.csaba.turdesan.BPGOCloneUITests;
				PRODUCT_NAME = "$(TARGET_NAME)";
				SWIFT_EMIT_LOC_STRINGS = NO;
				SWIFT_VERSION = 5.0;
				TARGETED_DEVICE_FAMILY = "1,2";
				TEST_TARGET_NAME = BPGOClone;
			};
			name = Release;
		};
/* End XCBuildConfiguration section */

/* Begin XCConfigurationList section */
		98FE52AB2D29DE23000CAC12 /* Build configuration list for PBXProject "BPGOClone" */ = {
			isa = XCConfigurationList;
			buildConfigurations = (
				98FE52D22D29DE25000CAC12 /* Debug */,
				98FE52D32D29DE25000CAC12 /* Release */,
			);
			defaultConfigurationIsVisible = 0;
			defaultConfigurationName = Release;
		};
		98FE52D42D29DE25000CAC12 /* Build configuration list for PBXNativeTarget "BPGOClone" */ = {
			isa = XCConfigurationList;
			buildConfigurations = (
				98FE52D52D29DE25000CAC12 /* Debug */,
				98FE52D62D29DE25000CAC12 /* Release */,
			);
			defaultConfigurationIsVisible = 0;
			defaultConfigurationName = Release;
		};
		98FE52D72D29DE25000CAC12 /* Build configuration list for PBXNativeTarget "BPGOCloneTests" */ = {
			isa = XCConfigurationList;
			buildConfigurations = (
				98FE52D82D29DE25000CAC12 /* Debug */,
				98FE52D92D29DE25000CAC12 /* Release */,
			);
			defaultConfigurationIsVisible = 0;
			defaultConfigurationName = Release;
		};
		98FE52DA2D29DE25000CAC12 /* Build configuration list for PBXNativeTarget "BPGOCloneUITests" */ = {
			isa = XCConfigurationList;
			buildConfigurations = (
				98FE52DB2D29DE25000CAC12 /* Debug */,
				98FE52DC2D29DE25000CAC12 /* Release */,
			);
			defaultConfigurationIsVisible = 0;
			defaultConfigurationName = Release;
		};
/* End XCConfigurationList section */

/* Begin XCRemoteSwiftPackageReference section */
		980E63A22D2E96FD00DA80FE /* XCRemoteSwiftPackageReference "FittedSheets" */ = {
			isa = XCRemoteSwiftPackageReference;
			repositoryURL = "https://github.com/gordontucker/FittedSheets";
			requirement = {
				kind = upToNextMajorVersion;
				minimumVersion = 2.7.1;
			};
		};
		980E63A52D2E989D00DA80FE /* XCRemoteSwiftPackageReference "FittedSheets-SwiftUI" */ = {
			isa = XCRemoteSwiftPackageReference;
			repositoryURL = "https://github.com/Jeonhui/FittedSheets-SwiftUI";
			requirement = {
				kind = upToNextMajorVersion;
				minimumVersion = 1.2.1;
			};
		};
/* End XCRemoteSwiftPackageReference section */

/* Begin XCSwiftPackageProductDependency section */
		980E63A32D2E96FD00DA80FE /* FittedSheets */ = {
			isa = XCSwiftPackageProductDependency;
			package = 980E63A22D2E96FD00DA80FE /* XCRemoteSwiftPackageReference "FittedSheets" */;
			productName = FittedSheets;
		};
		980E63A62D2E989D00DA80FE /* FittedSheetsSwiftUI */ = {
			isa = XCSwiftPackageProductDependency;
			package = 980E63A52D2E989D00DA80FE /* XCRemoteSwiftPackageReference "FittedSheets-SwiftUI" */;
			productName = FittedSheetsSwiftUI;
		};
/* End XCSwiftPackageProductDependency section */
	};
	rootObject = 98FE52A82D29DE23000CAC12 /* Project object */;
}
